
Microsoft Visual Studio Solution File, Format Version 12.00
# Visual Studio Version 17
VisualStudioVersion = 17.1.32407.343
MinimumVisualStudioVersion = 10.0.40219.1
Project("{9A19103F-16F7-4668-BE54-9A1E7A4F7556}") = "OpenRiaServices.DomainServices.Client.OpenSilver", "OpenRiaServices.DomainServices.Client\Framework\OpenRiaServices.DomainServices.Client.OpenSilver.csproj", "{E7DCF88D-F2F8-4731-AF1E-E148E4744E06}"
EndProject
Project("{9A19103F-16F7-4668-BE54-9A1E7A4F7556}") = "OpenRiaServices.DomainServices.Client.Web.OpenSilver", "OpenRiaServices.DomainServices.Client.Web\Framework\OpenRiaServices.DomainServices.Client.Web.OpenSilver.csproj", "{3CC19D81-E46F-44F5-8E1A-65B8F6160139}"
EndProject
Project("{9A19103F-16F7-4668-BE54-9A1E7A4F7556}") = "OpenRiaServices.Controls.DomainServices.OpenSilver", "OpenRiaServices.Controls.DomainServices\Framework\OpenRiaServices.Controls.DomainServices.OpenSilver.csproj", "{88BA47BA-30CB-4C01-B54B-B830F24D5B3E}"
EndProject
Project("{9A19103F-16F7-4668-BE54-9A1E7A4F7556}") = "OpenRiaServices.Data.DomainServices.OpenSilver", "OpenRiaServices.Data.DomainServices\Framework\OpenRiaServices.Data.DomainServices.OpenSilver.csproj", "{AECC0937-9D1F-4000-9AF7-0828D90180E7}"
EndProject
Project("{2150E333-8FDC-42A3-9474-1A3956D46DE8}") = "CodeGen", "CodeGen", "{98FA106E-BC69-4FF6-B2E7-969C0F7865C7}"
EndProject
Project("{9A19103F-16F7-4668-BE54-9A1E7A4F7556}") = "OpenRiaServices.DomainServices.Tools.OpenSilver", "OpenRiaServices.DomainServices.Tools\Framework\OpenRiaServices.DomainServices.Tools.OpenSilver.csproj", "{19468F4F-0EFD-456D-8FD5-D84600C68678}"
EndProject
Project("{2150E333-8FDC-42A3-9474-1A3956D46DE8}") = "Server", "Server", "{403BAEF1-7900-4FC2-BA07-002005E9B5AC}"
EndProject
Project("{9A19103F-16F7-4668-BE54-9A1E7A4F7556}") = "OpenRiaServices.DomainServices.Hosting.OpenSilver", "OpenRiaServices.DomainServices.Hosting\Framework\OpenRiaServices.DomainServices.Hosting.OpenSilver.csproj", "{E6503D67-82E2-495C-87A9-7FFCAE12B447}"
EndProject
Project("{9A19103F-16F7-4668-BE54-9A1E7A4F7556}") = "OpenRiaServices.DomainServices.Server.OpenSilver", "OpenRiaServices.DomainServices.Server\Framework\OpenRiaServices.DomainServices.Server.OpenSilver.csproj", "{BA0FCD1A-E16E-482B-A467-032130A4CD68}"
EndProject
Global
	GlobalSection(SolutionConfigurationPlatforms) = preSolution
		Debug|Any CPU = Debug|Any CPU
		Release|Any CPU = Release|Any CPU
	EndGlobalSection
	GlobalSection(ProjectConfigurationPlatforms) = postSolution
		{E7DCF88D-F2F8-4731-AF1E-E148E4744E06}.Debug|Any CPU.ActiveCfg = Debug|Any CPU
		{E7DCF88D-F2F8-4731-AF1E-E148E4744E06}.Debug|Any CPU.Build.0 = Debug|Any CPU
		{E7DCF88D-F2F8-4731-AF1E-E148E4744E06}.Release|Any CPU.ActiveCfg = Release|Any CPU
		{E7DCF88D-F2F8-4731-AF1E-E148E4744E06}.Release|Any CPU.Build.0 = Release|Any CPU
		{3CC19D81-E46F-44F5-8E1A-65B8F6160139}.Debug|Any CPU.ActiveCfg = Debug|Any CPU
		{3CC19D81-E46F-44F5-8E1A-65B8F6160139}.Debug|Any CPU.Build.0 = Debug|Any CPU
		{3CC19D81-E46F-44F5-8E1A-65B8F6160139}.Release|Any CPU.ActiveCfg = Release|Any CPU
		{3CC19D81-E46F-44F5-8E1A-65B8F6160139}.Release|Any CPU.Build.0 = Release|Any CPU
		{88BA47BA-30CB-4C01-B54B-B830F24D5B3E}.Debug|Any CPU.ActiveCfg = Debug|Any CPU
		{88BA47BA-30CB-4C01-B54B-B830F24D5B3E}.Debug|Any CPU.Build.0 = Debug|Any CPU
		{88BA47BA-30CB-4C01-B54B-B830F24D5B3E}.Release|Any CPU.ActiveCfg = Release|Any CPU
		{88BA47BA-30CB-4C01-B54B-B830F24D5B3E}.Release|Any CPU.Build.0 = Release|Any CPU
		{AECC0937-9D1F-4000-9AF7-0828D90180E7}.Debug|Any CPU.ActiveCfg = Debug|Any CPU
		{AECC0937-9D1F-4000-9AF7-0828D90180E7}.Debug|Any CPU.Build.0 = Debug|Any CPU
		{AECC0937-9D1F-4000-9AF7-0828D90180E7}.Release|Any CPU.ActiveCfg = Release|Any CPU
		{AECC0937-9D1F-4000-9AF7-0828D90180E7}.Release|Any CPU.Build.0 = Release|Any CPU
		{19468F4F-0EFD-456D-8FD5-D84600C68678}.Debug|Any CPU.ActiveCfg = Debug|Any CPU
		{19468F4F-0EFD-456D-8FD5-D84600C68678}.Debug|Any CPU.Build.0 = Debug|Any CPU
		{19468F4F-0EFD-456D-8FD5-D84600C68678}.Release|Any CPU.ActiveCfg = Release|Any CPU
		{19468F4F-0EFD-456D-8FD5-D84600C68678}.Release|Any CPU.Build.0 = Release|Any CPU
		{E6503D67-82E2-495C-87A9-7FFCAE12B447}.Debug|Any CPU.ActiveCfg = Debug|Any CPU
		{E6503D67-82E2-495C-87A9-7FFCAE12B447}.Debug|Any CPU.Build.0 = Debug|Any CPU
		{E6503D67-82E2-495C-87A9-7FFCAE12B447}.Release|Any CPU.ActiveCfg = Release|Any CPU
		{E6503D67-82E2-495C-87A9-7FFCAE12B447}.Release|Any CPU.Build.0 = Release|Any CPU
		{BA0FCD1A-E16E-482B-A467-032130A4CD68}.Debug|Any CPU.ActiveCfg = Debug|Any CPU
		{BA0FCD1A-E16E-482B-A467-032130A4CD68}.Debug|Any CPU.Build.0 = Debug|Any CPU
		{BA0FCD1A-E16E-482B-A467-032130A4CD68}.Release|Any CPU.ActiveCfg = Release|Any CPU
		{BA0FCD1A-E16E-482B-A467-032130A4CD68}.Release|Any CPU.Build.0 = Release|Any CPU
	EndGlobalSection
	GlobalSection(SolutionProperties) = preSolution
		HideSolutionNode = FALSE
	EndGlobalSection
	GlobalSection(NestedProjects) = preSolution
		{19468F4F-0EFD-456D-8FD5-D84600C68678} = {98FA106E-BC69-4FF6-B2E7-969C0F7865C7}
		{E6503D67-82E2-495C-87A9-7FFCAE12B447} = {403BAEF1-7900-4FC2-BA07-002005E9B5AC}
		{BA0FCD1A-E16E-482B-A467-032130A4CD68} = {403BAEF1-7900-4FC2-BA07-002005E9B5AC}
	EndGlobalSection
	GlobalSection(ExtensibilityGlobals) = postSolution
		SolutionGuid = {4A88992A-A496-48E5-A6C1-2BC2D9569E46}
	EndGlobalSection
EndGlobal
